
Microsoft Visual Studio Solution File, Format Version 12.00
# Visual Studio Version 17
VisualStudioVersion = 17.0.32014.148
MinimumVisualStudioVersion = 10.0.40219.1
Project("{FAE04EC0-301F-11D3-BF4B-00C04F79EFBC}") = "ProjectQQQ_SERVER", "ProjectQQQ_SERVER\ProjectQQQ_SERVER.csproj", "{4EF709DE-93AB-4512-9DFB-18A1FC57CA54}"
EndProject
Global
	GlobalSection(SolutionConfigurationPlatforms) = preSolution
		Debug|Any CPU = Debug|Any CPU
		Release|Any CPU = Release|Any CPU
	EndGlobalSection
	GlobalSection(ProjectConfigurationPlatforms) = postSolution
		{4EF709DE-93AB-4512-9DFB-18A1FC57CA54}.Debug|Any CPU.ActiveCfg = Debug|Any CPU
		{4EF709DE-93AB-4512-9DFB-18A1FC57CA54}.Debug|Any CPU.Build.0 = Debug|Any CPU
		{4EF709DE-93AB-4512-9DFB-18A1FC57CA54}.Release|Any CPU.ActiveCfg = Release|Any CPU
		{4EF709DE-93AB-4512-9DFB-18A1FC57CA54}.Release|Any CPU.Build.0 = Release|Any CPU
	EndGlobalSection
	GlobalSection(SolutionProperties) = preSolution
		HideSolutionNode = FALSE
	EndGlobalSection
	GlobalSection(ExtensibilityGlobals) = postSolution
		SolutionGuid = {A631E5CF-2E5A-4FED-B158-7CA74B2C0999}
	EndGlobalSection
EndGlobal
